
Microsoft Visual Studio Solution File, Format Version 12.00
# Visual Studio 15
VisualStudioVersion = 15.0.26124.0
MinimumVisualStudioVersion = 15.0.26124.0
Project("{FAE04EC0-301F-11D3-BF4B-00C04F79EFBC}") = "Xer.Delegator", "Src\Xer.Delegator\Xer.Delegator.csproj", "{5599DCB2-D032-4B05-86F4-61CB3665761B}"
EndProject
Project("{FAE04EC0-301F-11D3-BF4B-00C04F79EFBC}") = "Xer.Delegator.Tests", "Tests\Xer.Delegator.Tests\Xer.Delegator.Tests.csproj", "{5460886A-57EE-489F-B657-8D617C162F2A}"
EndProject
Project("{2150E333-8FDC-42A3-9474-1A3956D46DE8}") = "Samples", "Samples", "{D56DF064-CA65-433E-89AD-F585765C65F9}"
EndProject
Project("{FAE04EC0-301F-11D3-BF4B-00C04F79EFBC}") = "Domain", "Samples\Domain\Domain.csproj", "{B9EE4A32-6BB4-40C7-8727-5EBAEAFFF3B8}"
EndProject
Project("{FAE04EC0-301F-11D3-BF4B-00C04F79EFBC}") = "ConsoleApp", "Samples\ConsoleApp\ConsoleApp.csproj", "{9BAA418C-A3C1-4A29-AB38-DE7207943296}"
EndProject
Project("{FAE04EC0-301F-11D3-BF4B-00C04F79EFBC}") = "AspNetCoreApp", "Samples\AspNetCoreApp\AspNetCoreApp.csproj", "{E3C5BB87-432D-4FDE-9C17-17DAF7149505}"
EndProject
Project("{FAE04EC0-301F-11D3-BF4B-00C04F79EFBC}") = "ReadSide", "Samples\ReadSide\ReadSide.csproj", "{45C19B67-5162-441C-8469-8969D2F9236D}"
EndProject
Project("{FAE04EC0-301F-11D3-BF4B-00C04F79EFBC}") = "Infrastructure", "Samples\Infrastructure\Infrastructure.csproj", "{C6AB5E8D-7AE6-47AD-81AB-03067DCB6F1C}"
EndProject
Global
	GlobalSection(SolutionConfigurationPlatforms) = preSolution
		Debug|Any CPU = Debug|Any CPU
		Debug|x64 = Debug|x64
		Debug|x86 = Debug|x86
		Release|Any CPU = Release|Any CPU
		Release|x64 = Release|x64
		Release|x86 = Release|x86
	EndGlobalSection
	GlobalSection(SolutionProperties) = preSolution
		HideSolutionNode = FALSE
	EndGlobalSection
	GlobalSection(ProjectConfigurationPlatforms) = postSolution
		{5599DCB2-D032-4B05-86F4-61CB3665761B}.Debug|Any CPU.ActiveCfg = Debug|Any CPU
		{5599DCB2-D032-4B05-86F4-61CB3665761B}.Debug|Any CPU.Build.0 = Debug|Any CPU
		{5599DCB2-D032-4B05-86F4-61CB3665761B}.Debug|x64.ActiveCfg = Debug|x64
		{5599DCB2-D032-4B05-86F4-61CB3665761B}.Debug|x64.Build.0 = Debug|x64
		{5599DCB2-D032-4B05-86F4-61CB3665761B}.Debug|x86.ActiveCfg = Debug|x86
		{5599DCB2-D032-4B05-86F4-61CB3665761B}.Debug|x86.Build.0 = Debug|x86
		{5599DCB2-D032-4B05-86F4-61CB3665761B}.Release|Any CPU.ActiveCfg = Release|Any CPU
		{5599DCB2-D032-4B05-86F4-61CB3665761B}.Release|Any CPU.Build.0 = Release|Any CPU
		{5599DCB2-D032-4B05-86F4-61CB3665761B}.Release|x64.ActiveCfg = Release|x64
		{5599DCB2-D032-4B05-86F4-61CB3665761B}.Release|x64.Build.0 = Release|x64
		{5599DCB2-D032-4B05-86F4-61CB3665761B}.Release|x86.ActiveCfg = Release|x86
		{5599DCB2-D032-4B05-86F4-61CB3665761B}.Release|x86.Build.0 = Release|x86
		{5460886A-57EE-489F-B657-8D617C162F2A}.Debug|Any CPU.ActiveCfg = Debug|Any CPU
		{5460886A-57EE-489F-B657-8D617C162F2A}.Debug|Any CPU.Build.0 = Debug|Any CPU
		{5460886A-57EE-489F-B657-8D617C162F2A}.Debug|x64.ActiveCfg = Debug|x64
		{5460886A-57EE-489F-B657-8D617C162F2A}.Debug|x64.Build.0 = Debug|x64
		{5460886A-57EE-489F-B657-8D617C162F2A}.Debug|x86.ActiveCfg = Debug|x86
		{5460886A-57EE-489F-B657-8D617C162F2A}.Debug|x86.Build.0 = Debug|x86
		{5460886A-57EE-489F-B657-8D617C162F2A}.Release|Any CPU.ActiveCfg = Release|Any CPU
		{5460886A-57EE-489F-B657-8D617C162F2A}.Release|Any CPU.Build.0 = Release|Any CPU
		{5460886A-57EE-489F-B657-8D617C162F2A}.Release|x64.ActiveCfg = Release|x64
		{5460886A-57EE-489F-B657-8D617C162F2A}.Release|x64.Build.0 = Release|x64
		{5460886A-57EE-489F-B657-8D617C162F2A}.Release|x86.ActiveCfg = Release|x86
		{5460886A-57EE-489F-B657-8D617C162F2A}.Release|x86.Build.0 = Release|x86
		{B9EE4A32-6BB4-40C7-8727-5EBAEAFFF3B8}.Debug|Any CPU.ActiveCfg = Debug|Any CPU
		{B9EE4A32-6BB4-40C7-8727-5EBAEAFFF3B8}.Debug|Any CPU.Build.0 = Debug|Any CPU
		{B9EE4A32-6BB4-40C7-8727-5EBAEAFFF3B8}.Debug|x64.ActiveCfg = Debug|x64
		{B9EE4A32-6BB4-40C7-8727-5EBAEAFFF3B8}.Debug|x64.Build.0 = Debug|x64
		{B9EE4A32-6BB4-40C7-8727-5EBAEAFFF3B8}.Debug|x86.ActiveCfg = Debug|x86
		{B9EE4A32-6BB4-40C7-8727-5EBAEAFFF3B8}.Debug|x86.Build.0 = Debug|x86
		{B9EE4A32-6BB4-40C7-8727-5EBAEAFFF3B8}.Release|Any CPU.ActiveCfg = Release|Any CPU
		{B9EE4A32-6BB4-40C7-8727-5EBAEAFFF3B8}.Release|Any CPU.Build.0 = Release|Any CPU
		{B9EE4A32-6BB4-40C7-8727-5EBAEAFFF3B8}.Release|x64.ActiveCfg = Release|x64
		{B9EE4A32-6BB4-40C7-8727-5EBAEAFFF3B8}.Release|x64.Build.0 = Release|x64
		{B9EE4A32-6BB4-40C7-8727-5EBAEAFFF3B8}.Release|x86.ActiveCfg = Release|x86
		{B9EE4A32-6BB4-40C7-8727-5EBAEAFFF3B8}.Release|x86.Build.0 = Release|x86
		{9BAA418C-A3C1-4A29-AB38-DE7207943296}.Debug|Any CPU.ActiveCfg = Debug|Any CPU
		{9BAA418C-A3C1-4A29-AB38-DE7207943296}.Debug|Any CPU.Build.0 = Debug|Any CPU
		{9BAA418C-A3C1-4A29-AB38-DE7207943296}.Debug|x64.ActiveCfg = Debug|x64
		{9BAA418C-A3C1-4A29-AB38-DE7207943296}.Debug|x64.Build.0 = Debug|x64
		{9BAA418C-A3C1-4A29-AB38-DE7207943296}.Debug|x86.ActiveCfg = Debug|x86
		{9BAA418C-A3C1-4A29-AB38-DE7207943296}.Debug|x86.Build.0 = Debug|x86
		{9BAA418C-A3C1-4A29-AB38-DE7207943296}.Release|Any CPU.ActiveCfg = Release|Any CPU
		{9BAA418C-A3C1-4A29-AB38-DE7207943296}.Release|Any CPU.Build.0 = Release|Any CPU
		{9BAA418C-A3C1-4A29-AB38-DE7207943296}.Release|x64.ActiveCfg = Release|x64
		{9BAA418C-A3C1-4A29-AB38-DE7207943296}.Release|x64.Build.0 = Release|x64
		{9BAA418C-A3C1-4A29-AB38-DE7207943296}.Release|x86.ActiveCfg = Release|x86
		{9BAA418C-A3C1-4A29-AB38-DE7207943296}.Release|x86.Build.0 = Release|x86
		{E3C5BB87-432D-4FDE-9C17-17DAF7149505}.Debug|Any CPU.ActiveCfg = Debug|Any CPU
		{E3C5BB87-432D-4FDE-9C17-17DAF7149505}.Debug|Any CPU.Build.0 = Debug|Any CPU
		{E3C5BB87-432D-4FDE-9C17-17DAF7149505}.Debug|x64.ActiveCfg = Debug|x64
		{E3C5BB87-432D-4FDE-9C17-17DAF7149505}.Debug|x64.Build.0 = Debug|x64
		{E3C5BB87-432D-4FDE-9C17-17DAF7149505}.Debug|x86.ActiveCfg = Debug|x86
		{E3C5BB87-432D-4FDE-9C17-17DAF7149505}.Debug|x86.Build.0 = Debug|x86
		{E3C5BB87-432D-4FDE-9C17-17DAF7149505}.Release|Any CPU.ActiveCfg = Release|Any CPU
		{E3C5BB87-432D-4FDE-9C17-17DAF7149505}.Release|Any CPU.Build.0 = Release|Any CPU
		{E3C5BB87-432D-4FDE-9C17-17DAF7149505}.Release|x64.ActiveCfg = Release|x64
		{E3C5BB87-432D-4FDE-9C17-17DAF7149505}.Release|x64.Build.0 = Release|x64
		{E3C5BB87-432D-4FDE-9C17-17DAF7149505}.Release|x86.ActiveCfg = Release|x86
		{E3C5BB87-432D-4FDE-9C17-17DAF7149505}.Release|x86.Build.0 = Release|x86
		{45C19B67-5162-441C-8469-8969D2F9236D}.Debug|Any CPU.ActiveCfg = Debug|Any CPU
		{45C19B67-5162-441C-8469-8969D2F9236D}.Debug|Any CPU.Build.0 = Debug|Any CPU
		{45C19B67-5162-441C-8469-8969D2F9236D}.Debug|x64.ActiveCfg = Debug|x64
		{45C19B67-5162-441C-8469-8969D2F9236D}.Debug|x64.Build.0 = Debug|x64
		{45C19B67-5162-441C-8469-8969D2F9236D}.Debug|x86.ActiveCfg = Debug|x86
		{45C19B67-5162-441C-8469-8969D2F9236D}.Debug|x86.Build.0 = Debug|x86
		{45C19B67-5162-441C-8469-8969D2F9236D}.Release|Any CPU.ActiveCfg = Release|Any CPU
		{45C19B67-5162-441C-8469-8969D2F9236D}.Release|Any CPU.Build.0 = Release|Any CPU
		{45C19B67-5162-441C-8469-8969D2F9236D}.Release|x64.ActiveCfg = Release|x64
		{45C19B67-5162-441C-8469-8969D2F9236D}.Release|x64.Build.0 = Release|x64
		{45C19B67-5162-441C-8469-8969D2F9236D}.Release|x86.ActiveCfg = Release|x86
		{45C19B67-5162-441C-8469-8969D2F9236D}.Release|x86.Build.0 = Release|x86
		{C6AB5E8D-7AE6-47AD-81AB-03067DCB6F1C}.Debug|Any CPU.ActiveCfg = Debug|Any CPU
		{C6AB5E8D-7AE6-47AD-81AB-03067DCB6F1C}.Debug|Any CPU.Build.0 = Debug|Any CPU
		{C6AB5E8D-7AE6-47AD-81AB-03067DCB6F1C}.Debug|x64.ActiveCfg = Debug|x64
		{C6AB5E8D-7AE6-47AD-81AB-03067DCB6F1C}.Debug|x64.Build.0 = Debug|x64
		{C6AB5E8D-7AE6-47AD-81AB-03067DCB6F1C}.Debug|x86.ActiveCfg = Debug|x86
		{C6AB5E8D-7AE6-47AD-81AB-03067DCB6F1C}.Debug|x86.Build.0 = Debug|x86
		{C6AB5E8D-7AE6-47AD-81AB-03067DCB6F1C}.Release|Any CPU.ActiveCfg = Release|Any CPU
		{C6AB5E8D-7AE6-47AD-81AB-03067DCB6F1C}.Release|Any CPU.Build.0 = Release|Any CPU
		{C6AB5E8D-7AE6-47AD-81AB-03067DCB6F1C}.Release|x64.ActiveCfg = Release|x64
		{C6AB5E8D-7AE6-47AD-81AB-03067DCB6F1C}.Release|x64.Build.0 = Release|x64
		{C6AB5E8D-7AE6-47AD-81AB-03067DCB6F1C}.Release|x86.ActiveCfg = Release|x86
		{C6AB5E8D-7AE6-47AD-81AB-03067DCB6F1C}.Release|x86.Build.0 = Release|x86
	EndGlobalSection
	GlobalSection(NestedProjects) = preSolution
		{B9EE4A32-6BB4-40C7-8727-5EBAEAFFF3B8} = {D56DF064-CA65-433E-89AD-F585765C65F9}
		{9BAA418C-A3C1-4A29-AB38-DE7207943296} = {D56DF064-CA65-433E-89AD-F585765C65F9}
		{E3C5BB87-432D-4FDE-9C17-17DAF7149505} = {D56DF064-CA65-433E-89AD-F585765C65F9}
		{45C19B67-5162-441C-8469-8969D2F9236D} = {D56DF064-CA65-433E-89AD-F585765C65F9}
		{C6AB5E8D-7AE6-47AD-81AB-03067DCB6F1C} = {D56DF064-CA65-433E-89AD-F585765C65F9}
	EndGlobalSection
EndGlobal
